# This file is automatically @generated by Poetry 1.4.2 and should not be changed by hand.

[[package]]
name = "fugashi"
version = "1.2.1"
description = "A Cython MeCab wrapper for fast, pythonic Japanese tokenization."
category = "main"
optional = false
python-versions = ">=3.7"
files = [
    {file = "fugashi-1.2.1-cp310-cp310-macosx_10_9_x86_64.whl", hash = "sha256:98779cb9d7c28b5b65a8f7ace77c657dcc81d5f7affb8babe409cc6b5fef9a60"},
    {file = "fugashi-1.2.1-cp310-cp310-manylinux_2_17_aarch64.manylinux2014_aarch64.whl", hash = "sha256:f62a59aac8a39f0d3fd74e9fd8f030491566ebe805f18015d3382cc48619f6e5"},
    {file = "fugashi-1.2.1-cp310-cp310-manylinux_2_17_x86_64.manylinux2014_x86_64.whl", hash = "sha256:8282a1669f976e466ca8577d578356109e87d8efabc4f7413eb34fb89d5c7c5a"},
    {file = "fugashi-1.2.1-cp310-cp310-win_amd64.whl", hash = "sha256:2d0e08b130e2e3fd354d9b513623bfe8e17ca569e08b85f2c93cb3b096d70c23"},
    {file = "fugashi-1.2.1-cp311-cp311-manylinux_2_17_aarch64.manylinux2014_aarch64.whl", hash = "sha256:6d67b8e7007ae9883a7888139c177f054da64d003d15dc22943b9a983d876404"},
    {file = "fugashi-1.2.1-cp311-cp311-manylinux_2_17_x86_64.manylinux2014_x86_64.whl", hash = "sha256:b670f95d8210975a0343883e5a37a514388b0c879d219ef37746e169d03c3b84"},
    {file = "fugashi-1.2.1-cp311-cp311-win_amd64.whl", hash = "sha256:1391cadd916237b7b8b498380cc421340b32c6c4265f0ef4d14b19be3e7ce9ed"},
    {file = "fugashi-1.2.1-cp37-cp37m-macosx_10_9_x86_64.whl", hash = "sha256:9d5391aa6ee4860fdf765b206e0104d0de5aff20cc2149ecd00e0acc7860ee9a"},
    {file = "fugashi-1.2.1-cp37-cp37m-manylinux_2_17_aarch64.manylinux2014_aarch64.whl", hash = "sha256:ad9a9a9c780d0771195c23f343dff9c3e626d1fb6b0b87c3bb9ebc39ad654130"},
    {file = "fugashi-1.2.1-cp37-cp37m-manylinux_2_17_x86_64.manylinux2014_x86_64.whl", hash = "sha256:c689951c7946eeac290b3f184916e40c7ac2653f6090d7544117c9057d1ac890"},
    {file = "fugashi-1.2.1-cp37-cp37m-win_amd64.whl", hash = "sha256:b4ce85c3fc48ce90ebbc7974b470dbb3c1f53d89cf1ee4305e84612d7beee1e9"},
    {file = "fugashi-1.2.1-cp38-cp38-macosx_10_9_x86_64.whl", hash = "sha256:68e0f9491487a16a173a6c0d6d5a2369ff9e276f1d8cd7f476515f0f1391ad5b"},
    {file = "fugashi-1.2.1-cp38-cp38-manylinux_2_17_aarch64.manylinux2014_aarch64.whl", hash = "sha256:07d50bb39b1e47f974335cc999107bad97ee1028699d86d6f12bd11308b91930"},
    {file = "fugashi-1.2.1-cp38-cp38-manylinux_2_17_x86_64.manylinux2014_x86_64.whl", hash = "sha256:ed08bf98620f25204f40fe759340cecfa25e2f8e66b6c91ff2f2500dbf5be817"},
    {file = "fugashi-1.2.1-cp38-cp38-win_amd64.whl", hash = "sha256:82f53673e3b811dad8b6607f15997014af18179124dfbd7f49df4a1d66c3c7a5"},
    {file = "fugashi-1.2.1-cp39-cp39-macosx_10_9_x86_64.whl", hash = "sha256:a0fca2040219ccd4e30e853828e9296a05efed796274b526bac8f3f87f02e9ae"},
    {file = "fugashi-1.2.1-cp39-cp39-manylinux_2_17_aarch64.manylinux2014_aarch64.whl", hash = "sha256:09d0746b21cf5825b572d03e681fef7e60f85f8203498a6d84a67d8bc7b69d69"},
    {file = "fugashi-1.2.1-cp39-cp39-manylinux_2_17_x86_64.manylinux2014_x86_64.whl", hash = "sha256:a905395c5ff32a505947a4a549ab77ed6987a558023abe8ecb4b8a867bd8c9c2"},
    {file = "fugashi-1.2.1-cp39-cp39-win_amd64.whl", hash = "sha256:a30caae5dce0c02e2a5020e6b15e55861782a51088669de69814632f33b8e2e7"},
    {file = "fugashi-1.2.1-pp37-pypy37_pp73-macosx_10_9_x86_64.whl", hash = "sha256:badc89f57997fbb7efba62c73b608f097bcf2414b01a9344f97951534af46aa5"},
    {file = "fugashi-1.2.1-pp38-pypy38_pp73-macosx_10_9_x86_64.whl", hash = "sha256:fc0a81e10197ac055bb20489e55d3669c082df5b76123aeb4dcc692031578434"},
    {file = "fugashi-1.2.1.tar.gz", hash = "sha256:e7c7aea6684006af223b5145b96c071c2e10353afb9df6712df4458003cf62d3"},
]

[package.extras]
unidic = ["unidic"]
unidic-lite = ["unidic-lite"]

[metadata]
lock-version = "2.0"
python-versions = "^3.11"
content-hash = "83e53640ea2819beaf0ee481f6b369a4f74147c3abd425a1f6f96bb390395645"
